
Microsoft Visual Studio Solution File, Format Version 12.00
# Visual Studio Version 17
VisualStudioVersion = 17.6.33723.286
MinimumVisualStudioVersion = 10.0.40219.1
Project("{FAE04EC0-301F-11D3-BF4B-00C04F79EFBC}") = "ArtGallery", "ArtGallery\ArtGallery.csproj", "{01EF11B2-F48C-48C0-A40D-1847319493A5}"
EndProject
Project("{FAE04EC0-301F-11D3-BF4B-00C04F79EFBC}") = "ArtGallery.Infrastructure", "ArtGallery.Infrastructure\ArtGallery.Infrastructure.csproj", "{317EF19F-9E22-4691-86C3-0E4F3DE7D66F}"
EndProject
Global
	GlobalSection(SolutionConfigurationPlatforms) = preSolution
		Debug|Any CPU = Debug|Any CPU
		Release|Any CPU = Release|Any CPU
	EndGlobalSection
	GlobalSection(ProjectConfigurationPlatforms) = postSolution
		{01EF11B2-F48C-48C0-A40D-1847319493A5}.Debug|Any CPU.ActiveCfg = Debug|Any CPU
		{01EF11B2-F48C-48C0-A40D-1847319493A5}.Debug|Any CPU.Build.0 = Debug|Any CPU
		{01EF11B2-F48C-48C0-A40D-1847319493A5}.Release|Any CPU.ActiveCfg = Release|Any CPU
		{01EF11B2-F48C-48C0-A40D-1847319493A5}.Release|Any CPU.Build.0 = Release|Any CPU
		{317EF19F-9E22-4691-86C3-0E4F3DE7D66F}.Debug|Any CPU.ActiveCfg = Debug|Any CPU
		{317EF19F-9E22-4691-86C3-0E4F3DE7D66F}.Debug|Any CPU.Build.0 = Debug|Any CPU
		{317EF19F-9E22-4691-86C3-0E4F3DE7D66F}.Release|Any CPU.ActiveCfg = Release|Any CPU
		{317EF19F-9E22-4691-86C3-0E4F3DE7D66F}.Release|Any CPU.Build.0 = Release|Any CPU
	EndGlobalSection
	GlobalSection(SolutionProperties) = preSolution
		HideSolutionNode = FALSE
	EndGlobalSection
	GlobalSection(ExtensibilityGlobals) = postSolution
		SolutionGuid = {102E5E88-17CF-428D-8186-DB013AB5AE32}
	EndGlobalSection
EndGlobal
